id: oscilloscope_oscilloscope
label: oscilloscope
category: '[Oscilloscope]'

parameters:
- id: ip
  label: Ip
  dtype: string
- id: myrange
  label: Range
  dtype: float
- id: myrate
  label: Rate
  dtype: float
- id: myduration
  label: Duration
  dtype: float
- id: channels
  label: Channels
  dtype: int
outputs:
- label: out
  domain: stream
  dtype: float
  multiplicity: ${channels}

templates:
  imports: import oscilloscope
  make: oscilloscope.oscilloscope(${ip}, ${myrange}, ${myrate}, ${myduration}, ${channels})
  callbacks:
  - set_rate(${myrate})
  - set_range(${myrange})
  - set_duration(${myduration})
#  - set_ip(${ip})
#  - set_channels(${channels})

file_format: 1
